// !$*UTF8*$!
{
	archiveVersion = 1;
	classes = {
	};
	objectVersion = 56;
	objects = {

/* Begin PBXBuildFile section */
		BC7432432F88F17E00ED5A76 /* GoUIApp.swift in Sources */ = {isa = PBXBuildFile; fileRef = BC7432422F88F17E00ED5A76 /* GoUIApp.swift */; };
		BC7432452F88F17E00ED5A76 /* ContentView.swift in Sources */ = {isa = PBXBuildFile; fileRef = BC7432442F88F17E00ED5A76 /* ContentView.swift */; };
		BC7432472F88F17F00ED5A76 /* Assets.xcassets in Resources */ = {isa = PBXBuildFile; fileRef = BC7432462F88F17F00ED5A76 /* Assets.xcassets */; };
		BC74324A2F88F17F00ED5A76 /* Preview Assets.xcassets in Resources */ = {isa = PBXBuildFile; fileRef = BC7432492F88F17F00ED5A76 /* Preview Assets.xcassets */; };
		BC7432552F88F18000ED5A76 /* GoUITests.swift in Sources */ = {isa = PBXBuildFile; fileRef = BC7432542F88F18000ED5A76 /* GoUITests.swift */; };
		BC74325F2F88F18000ED5A76 /* GoUIUITests.swift in Sources */ = {isa = PBXBuildFile; fileRef = BC74325E2F88F18000ED5A76 /* GoUIUITests.swift */; };
		BC7432612F88F18000ED5A76 /* GoUIUITestsLaunchTests.swift in Sources */ = {isa = PBXBuildFile; fileRef = BC7432602F88F18000ED5A76 /* GoUIUITestsLaunchTests.swift */; };
		BC7432742F88F1B100ED5A76 /* main.swift in Sources */ = {isa = PBXBuildFile; fileRef = BC7432732F88F1B100ED5A76 /* main.swift */; };
		BC74327A2F88F24200ED5A76 /* SystemStats.swift in Sources */ = {isa = PBXBuildFile; fileRef = BC7432792F88F24200ED5A76 /* SystemStats.swift */; };
		BC74327C2F88F25E00ED5A76 /* SystemMonitor.swift in Sources */ = {isa = PBXBuildFile; fileRef = BC74327B2F88F25E00ED5A76 /* SystemMonitor.swift */; };
		BC74327E2F88F27C00ED5A76 /* StatusBarController.swift in Sources */ = {isa = PBXBuildFile; fileRef = BC74327D2F88F27C00ED5A76 /* StatusBarController.swift */; };
		BC7432802F88F29F00ED5A76 /* PopupContentView.swift in Sources */ = {isa = PBXBuildFile; fileRef = BC74327F2F88F29F00ED5A76 /* PopupContentView.swift */; };
		BC7432822F88F2C700ED5A76 /* AppDelegate.swift in Sources */ = {isa = PBXBuildFile; fileRef = BC7432812F88F2C700ED5A76 /* AppDelegate.swift */; };
		BC7432852F88F2F900ED5A76 /* RingStatView.swift in Sources */ = {isa = PBXBuildFile; fileRef = BC7432842F88F2F900ED5A76 /* RingStatView.swift */; };
		BC7432872F88F31200ED5A76 /* FanControlCard.swift in Sources */ = {isa = PBXBuildFile; fileRef = BC7432862F88F31200ED5A76 /* FanControlCard.swift */; };
		BC7432892F88F32300ED5A76 /* DashboardHeaderView.swift in Sources */ = {isa = PBXBuildFile; fileRef = BC7432882F88F32300ED5A76 /* DashboardHeaderView.swift */; };
		BC74328B2F88F33F00ED5A76 /* BrightnessCard.swift in Sources */ = {isa = PBXBuildFile; fileRef = BC74328A2F88F33F00ED5A76 /* BrightnessCard.swift */; };
		BC74328E2F88F36400ED5A76 /* CPUReader.swift in Sources */ = {isa = PBXBuildFile; fileRef = BC74328D2F88F36400ED5A76 /* CPUReader.swift */; };
		BC7432902F88F37B00ED5A76 /* DiskReader.swift in Sources */ = {isa = PBXBuildFile; fileRef = BC74328F2F88F37B00ED5A76 /* DiskReader.swift */; };
		BC7432922F88F3A300ED5A76 /* ExternalBrightnessService.swift in Sources */ = {isa = PBXBuildFile; fileRef = BC7432912F88F3A300ED5A76 /* ExternalBrightnessService.swift */; };
		BC7432942F88F3BF00ED5A76 /* FanMonitor.swift in Sources */ = {isa = PBXBuildFile; fileRef = BC7432932F88F3BF00ED5A76 /* FanMonitor.swift */; };
		BC7432962F88F3E200ED5A76 /* MemoryReader.swift in Sources */ = {isa = PBXBuildFile; fileRef = BC7432952F88F3E200ED5A76 /* MemoryReader.swift */; };
		BC74329E2F88F49700ED5A76 /* HelperDelegate.swift in Sources */ = {isa = PBXBuildFile; fileRef = BC74329D2F88F49700ED5A76 /* HelperDelegate.swift */; };
		BC7432A02F88F4B800ED5A76 /* HelperProtocol.swift in Sources */ = {isa = PBXBuildFile; fileRef = BC74329F2F88F4B800ED5A76 /* HelperProtocol.swift */; };
		BC7432A12F88F4B800ED5A76 /* HelperProtocol.swift in Sources */ = {isa = PBXBuildFile; fileRef = BC74329F2F88F4B800ED5A76 /* HelperProtocol.swift */; };
		BC7432A42F88F6AE00ED5A76 /* PrivilegeHelperManager.swift in Sources */ = {isa = PBXBuildFile; fileRef = BC7432A32F88F6AE00ED5A76 /* PrivilegeHelperManager.swift */; };
		BC7432A62F88F81700ED5A76 /* SMC.swift in Sources */ = {isa = PBXBuildFile; fileRef = BC7432A52F88F81700ED5A76 /* SMC.swift */; };
		BC7432A82F89458000ED5A76 /* SMC.swift in Sources */ = {isa = PBXBuildFile; fileRef = BC7432A52F88F81700ED5A76 /* SMC.swift */; };
/* End PBXBuildFile section */

/* Begin PBXContainerItemProxy section */
		BC7432512F88F18000ED5A76 /* PBXContainerItemProxy */ = {
			isa = PBXContainerItemProxy;
			containerPortal = BC7432372F88F17E00ED5A76 /* Project object */;
			proxyType = 1;
			remoteGlobalIDString = BC74323E2F88F17E00ED5A76;
			remoteInfo = GoUI;
		};
		BC74325B2F88F18000ED5A76 /* PBXContainerItemProxy */ = {
			isa = PBXContainerItemProxy;
			containerPortal = BC7432372F88F17E00ED5A76 /* Project object */;
			proxyType = 1;
			remoteGlobalIDString = BC74323E2F88F17E00ED5A76;
			remoteInfo = GoUI;
		};
/* End PBXContainerItemProxy section */

/* Begin PBXCopyFilesBuildPhase section */
		BC74326F2F88F1B100ED5A76 /* CopyFiles */ = {
			isa = PBXCopyFilesBuildPhase;
			buildActionMask = 2147483647;
			dstPath = /usr/share/man/man1/;
			dstSubfolderSpec = 0;
			files = (
			);
			runOnlyForDeploymentPostprocessing = 1;
		};
/* End PBXCopyFilesBuildPhase section */

/* Begin PBXFileReference section */
		BC74323F2F88F17E00ED5A76 /* GoUI.app */ = {isa = PBXFileReference; explicitFileType = wrapper.application; includeInIndex = 0; path = GoUI.app; sourceTree = BUILT_PRODUCTS_DIR; };
		BC7432422F88F17E00ED5A76 /* GoUIApp.swift */ = {isa = PBXFileReference; lastKnownFileType = sourcecode.swift; path = GoUIApp.swift; sourceTree = "<group>"; };
		BC7432442F88F17E00ED5A76 /* ContentView.swift */ = {isa = PBXFileReference; lastKnownFileType = sourcecode.swift; path = ContentView.swift; sourceTree = "<group>"; };
		BC7432462F88F17F00ED5A76 /* Assets.xcassets */ = {isa = PBXFileReference; lastKnownFileType = folder.assetcatalog; path = Assets.xcassets; sourceTree = "<group>"; };
		BC7432492F88F17F00ED5A76 /* Preview Assets.xcassets */ = {isa = PBXFileReference; lastKnownFileType = folder.assetcatalog; path = "Preview Assets.xcassets"; sourceTree = "<group>"; };
		BC74324B2F88F17F00ED5A76 /* GoUI.entitlements */ = {isa = PBXFileReference; lastKnownFileType = text.plist.entitlements; path = GoUI.entitlements; sourceTree = "<group>"; };
		BC7432502F88F18000ED5A76 /* GoUITests.xctest */ = {isa = PBXFileReference; explicitFileType = wrapper.cfbundle; includeInIndex = 0; path = GoUITests.xctest; sourceTree = BUILT_PRODUCTS_DIR; };
		BC7432542F88F18000ED5A76 /* GoUITests.swift */ = {isa = PBXFileReference; lastKnownFileType = sourcecode.swift; path = GoUITests.swift; sourceTree = "<group>"; };
		BC74325A2F88F18000ED5A76 /* GoUIUITests.xctest */ = {isa = PBXFileReference; explicitFileType = wrapper.cfbundle; includeInIndex = 0; path = GoUIUITests.xctest; sourceTree = BUILT_PRODUCTS_DIR; };
		BC74325E2F88F18000ED5A76 /* GoUIUITests.swift */ = {isa = PBXFileReference; lastKnownFileType = sourcecode.swift; path = GoUIUITests.swift; sourceTree = "<group>"; };
		BC7432602F88F18000ED5A76 /* GoUIUITestsLaunchTests.swift */ = {isa = PBXFileReference; lastKnownFileType = sourcecode.swift; path = GoUIUITestsLaunchTests.swift; sourceTree = "<group>"; };
		BC7432712F88F1B100ED5A76 /* GoUIHelper */ = {isa = PBXFileReference; explicitFileType = "compiled.mach-o.executable"; includeInIndex = 0; path = GoUIHelper; sourceTree = BUILT_PRODUCTS_DIR; };
		BC7432732F88F1B100ED5A76 /* main.swift */ = {isa = PBXFileReference; lastKnownFileType = sourcecode.swift; path = main.swift; sourceTree = "<group>"; };
		BC7432792F88F24200ED5A76 /* SystemStats.swift */ = {isa = PBXFileReference; lastKnownFileType = sourcecode.swift; path = SystemStats.swift; sourceTree = "<group>"; };
		BC74327B2F88F25E00ED5A76 /* SystemMonitor.swift */ = {isa = PBXFileReference; lastKnownFileType = sourcecode.swift; path = SystemMonitor.swift; sourceTree = "<group>"; };
		BC74327D2F88F27C00ED5A76 /* StatusBarController.swift */ = {isa = PBXFileReference; lastKnownFileType = sourcecode.swift; path = StatusBarController.swift; sourceTree = "<group>"; };
		BC74327F2F88F29F00ED5A76 /* PopupContentView.swift */ = {isa = PBXFileReference; lastKnownFileType = sourcecode.swift; path = PopupContentView.swift; sourceTree = "<group>"; };
		BC7432812F88F2C700ED5A76 /* AppDelegate.swift */ = {isa = PBXFileReference; lastKnownFileType = sourcecode.swift; path = AppDelegate.swift; sourceTree = "<group>"; };
		BC7432842F88F2F900ED5A76 /* RingStatView.swift */ = {isa = PBXFileReference; lastKnownFileType = sourcecode.swift; path = RingStatView.swift; sourceTree = "<group>"; };
		BC7432862F88F31200ED5A76 /* FanControlCard.swift */ = {isa = PBXFileReference; lastKnownFileType = sourcecode.swift; path = FanControlCard.swift; sourceTree = "<group>"; };
		BC7432882F88F32300ED5A76 /* DashboardHeaderView.swift */ = {isa = PBXFileReference; lastKnownFileType = sourcecode.swift; path = DashboardHeaderView.swift; sourceTree = "<group>"; };
		BC74328A2F88F33F00ED5A76 /* BrightnessCard.swift */ = {isa = PBXFileReference; lastKnownFileType = sourcecode.swift; path = BrightnessCard.swift; sourceTree = "<group>"; };
		BC74328D2F88F36400ED5A76 /* CPUReader.swift */ = {isa = PBXFileReference; lastKnownFileType = sourcecode.swift; path = CPUReader.swift; sourceTree = "<group>"; };
		BC74328F2F88F37B00ED5A76 /* DiskReader.swift */ = {isa = PBXFileReference; lastKnownFileType = sourcecode.swift; path = DiskReader.swift; sourceTree = "<group>"; };
		BC7432912F88F3A300ED5A76 /* ExternalBrightnessService.swift */ = {isa = PBXFileReference; lastKnownFileType = sourcecode.swift; path = ExternalBrightnessService.swift; sourceTree = "<group>"; };
		BC7432932F88F3BF00ED5A76 /* FanMonitor.swift */ = {isa = PBXFileReference; lastKnownFileType = sourcecode.swift; path = FanMonitor.swift; sourceTree = "<group>"; };
		BC7432952F88F3E200ED5A76 /* MemoryReader.swift */ = {isa = PBXFileReference; lastKnownFileType = sourcecode.swift; path = MemoryReader.swift; sourceTree = "<group>"; };
		BC74329D2F88F49700ED5A76 /* HelperDelegate.swift */ = {isa = PBXFileReference; lastKnownFileType = sourcecode.swift; path = HelperDelegate.swift; sourceTree = "<group>"; };
		BC74329F2F88F4B800ED5A76 /* HelperProtocol.swift */ = {isa = PBXFileReference; lastKnownFileType = sourcecode.swift; path = HelperProtocol.swift; sourceTree = "<group>"; };
		BC7432A32F88F6AE00ED5A76 /* PrivilegeHelperManager.swift */ = {isa = PBXFileReference; lastKnownFileType = sourcecode.swift; path = PrivilegeHelperManager.swift; sourceTree = "<group>"; };
		BC7432A52F88F81700ED5A76 /* SMC.swift */ = {isa = PBXFileReference; fileEncoding = 4; lastKnownFileType = sourcecode.swift; name = SMC.swift; path = ../../../SMCKit/SMCKit/SMC.swift; sourceTree = "<group>"; };
		BC7432AA2F894E3C00ED5A76 /* GoUI.png */ = {isa = PBXFileReference; lastKnownFileType = image.png; name = GoUI.png; path = ../../../Downloads/GoUI.png; sourceTree = "<group>"; };
/* End PBXFileReference section */

/* Begin PBXFrameworksBuildPhase section */
		BC74323C2F88F17E00ED5A76 /* Frameworks */ = {
			isa = PBXFrameworksBuildPhase;
			buildActionMask = 2147483647;
			files = (
			);
			runOnlyForDeploymentPostprocessing = 0;
		};
		BC74324D2F88F18000ED5A76 /* Frameworks */ = {
			isa = PBXFrameworksBuildPhase;
			buildActionMask = 2147483647;
			files = (
			);
			runOnlyForDeploymentPostprocessing = 0;
		};
		BC7432572F88F18000ED5A76 /* Frameworks */ = {
			isa = PBXFrameworksBuildPhase;
			buildActionMask = 2147483647;
			files = (
			);
			runOnlyForDeploymentPostprocessing = 0;
		};
		BC74326E2F88F1B100ED5A76 /* Frameworks */ = {
			isa = PBXFrameworksBuildPhase;
			buildActionMask = 2147483647;
			files = (
			);
			runOnlyForDeploymentPostprocessing = 0;
		};
/* End PBXFrameworksBuildPhase section */

/* Begin PBXGroup section */
		BC7432362F88F17E00ED5A76 = {
			isa = PBXGroup;
			children = (
				BC7432A92F894BE600ED5A76 /* assets */,
				BC7432412F88F17E00ED5A76 /* GoUI */,
				BC7432532F88F18000ED5A76 /* GoUITests */,
				BC74325D2F88F18000ED5A76 /* GoUIUITests */,
				BC7432722F88F1B100ED5A76 /* GoUIHelper */,
				BC7432402F88F17E00ED5A76 /* Products */,
			);
			sourceTree = "<group>";
		};
		BC7432402F88F17E00ED5A76 /* Products */ = {
			isa = PBXGroup;
			children = (
				BC74323F2F88F17E00ED5A76 /* GoUI.app */,
				BC7432502F88F18000ED5A76 /* GoUITests.xctest */,
				BC74325A2F88F18000ED5A76 /* GoUIUITests.xctest */,
				BC7432712F88F1B100ED5A76 /* GoUIHelper */,
			);
			name = Products;
			sourceTree = "<group>";
		};
		BC7432412F88F17E00ED5A76 /* GoUI */ = {
			isa = PBXGroup;
			children = (
				BC7432A22F88F68C00ED5A76 /* Helper */,
				BC74328C2F88F34E00ED5A76 /* Service */,
				BC7432832F88F2D800ED5A76 /* UI */,
				BC7432782F88F23100ED5A76 /* Controller */,
				BC7432422F88F17E00ED5A76 /* GoUIApp.swift */,
				BC7432442F88F17E00ED5A76 /* ContentView.swift */,
				BC7432462F88F17F00ED5A76 /* Assets.xcassets */,
				BC74324B2F88F17F00ED5A76 /* GoUI.entitlements */,
				BC7432482F88F17F00ED5A76 /* Preview Content */,
			);
			path = GoUI;
			sourceTree = "<group>";
		};
		BC7432482F88F17F00ED5A76 /* Preview Content */ = {
			isa = PBXGroup;
			children = (
				BC7432492F88F17F00ED5A76 /* Preview Assets.xcassets */,
			);
			path = "Preview Content";
			sourceTree = "<group>";
		};
		BC7432532F88F18000ED5A76 /* GoUITests */ = {
			isa = PBXGroup;
			children = (
				BC7432542F88F18000ED5A76 /* GoUITests.swift */,
			);
			path = GoUITests;
			sourceTree = "<group>";
		};
		BC74325D2F88F18000ED5A76 /* GoUIUITests */ = {
			isa = PBXGroup;
			children = (
				BC74325E2F88F18000ED5A76 /* GoUIUITests.swift */,
				BC7432602F88F18000ED5A76 /* GoUIUITestsLaunchTests.swift */,
			);
			path = GoUIUITests;
			sourceTree = "<group>";
		};
		BC7432722F88F1B100ED5A76 /* GoUIHelper */ = {
			isa = PBXGroup;
			children = (
				BC7432732F88F1B100ED5A76 /* main.swift */,
				BC74329D2F88F49700ED5A76 /* HelperDelegate.swift */,
				BC74329F2F88F4B800ED5A76 /* HelperProtocol.swift */,
			);
			path = GoUIHelper;
			sourceTree = "<group>";
		};
		BC7432782F88F23100ED5A76 /* Controller */ = {
			isa = PBXGroup;
			children = (
				BC7432792F88F24200ED5A76 /* SystemStats.swift */,
				BC74327B2F88F25E00ED5A76 /* SystemMonitor.swift */,
				BC74327D2F88F27C00ED5A76 /* StatusBarController.swift */,
				BC74327F2F88F29F00ED5A76 /* PopupContentView.swift */,
				BC7432812F88F2C700ED5A76 /* AppDelegate.swift */,
			);
			path = Controller;
			sourceTree = "<group>";
		};
		BC7432832F88F2D800ED5A76 /* UI */ = {
			isa = PBXGroup;
			children = (
				BC7432842F88F2F900ED5A76 /* RingStatView.swift */,
				BC7432862F88F31200ED5A76 /* FanControlCard.swift */,
				BC7432882F88F32300ED5A76 /* DashboardHeaderView.swift */,
				BC74328A2F88F33F00ED5A76 /* BrightnessCard.swift */,
			);
			path = UI;
			sourceTree = "<group>";
		};
		BC74328C2F88F34E00ED5A76 /* Service */ = {
			isa = PBXGroup;
			children = (
				BC7432A52F88F81700ED5A76 /* SMC.swift */,
				BC74328D2F88F36400ED5A76 /* CPUReader.swift */,
				BC74328F2F88F37B00ED5A76 /* DiskReader.swift */,
				BC7432912F88F3A300ED5A76 /* ExternalBrightnessService.swift */,
				BC7432932F88F3BF00ED5A76 /* FanMonitor.swift */,
				BC7432952F88F3E200ED5A76 /* MemoryReader.swift */,
			);
			path = Service;
			sourceTree = "<group>";
		};
		BC7432A22F88F68C00ED5A76 /* Helper */ = {
			isa = PBXGroup;
			children = (
				BC7432A32F88F6AE00ED5A76 /* PrivilegeHelperManager.swift */,
			);
			path = Helper;
			sourceTree = "<group>";
		};
		BC7432A92F894BE600ED5A76 /* assets */ = {
			isa = PBXGroup;
			children = (
				BC7432AA2F894E3C00ED5A76 /* GoUI.png */,
			);
			path = assets;
			sourceTree = "<group>";
		};
/* End PBXGroup section */

/* Begin PBXNativeTarget section */
		BC74323E2F88F17E00ED5A76 /* GoUI */ = {
			isa = PBXNativeTarget;
			buildConfigurationList = BC7432642F88F18000ED5A76 /* Build configuration list for PBXNativeTarget "GoUI" */;
			buildPhases = (
				BC74323B2F88F17E00ED5A76 /* Sources */,
				BC74323C2F88F17E00ED5A76 /* Frameworks */,
				BC74323D2F88F17E00ED5A76 /* Resources */,
			);
			buildRules = (
			);
			dependencies = (
			);
			name = GoUI;
			productName = GoUI;
			productReference = BC74323F2F88F17E00ED5A76 /* GoUI.app */;
			productType = "com.apple.product-type.application";
		};
		BC74324F2F88F18000ED5A76 /* GoUITests */ = {
			isa = PBXNativeTarget;
			buildConfigurationList = BC7432672F88F18000ED5A76 /* Build configuration list for PBXNativeTarget "GoUITests" */;
			buildPhases = (
				BC74324C2F88F18000ED5A76 /* Sources */,
				BC74324D2F88F18000ED5A76 /* Frameworks */,
				BC74324E2F88F18000ED5A76 /* Resources */,
			);
			buildRules = (
			);
			dependencies = (
				BC7432522F88F18000ED5A76 /* PBXTargetDependency */,
			);
			name = GoUITests;
			productName = GoUITests;
			productReference = BC7432502F88F18000ED5A76 /* GoUITests.xctest */;
			productType = "com.apple.product-type.bundle.unit-test";
		};
		BC7432592F88F18000ED5A76 /* GoUIUITests */ = {
			isa = PBXNativeTarget;
			buildConfigurationList = BC74326A2F88F18000ED5A76 /* Build configuration list for PBXNativeTarget "GoUIUITests" */;
			buildPhases = (
				BC7432562F88F18000ED5A76 /* Sources */,
				BC7432572F88F18000ED5A76 /* Frameworks */,
				BC7432582F88F18000ED5A76 /* Resources */,
			);
			buildRules = (
			);
			dependencies = (
				BC74325C2F88F18000ED5A76 /* PBXTargetDependency */,
			);
			name = GoUIUITests;
			productName = GoUIUITests;
			productReference = BC74325A2F88F18000ED5A76 /* GoUIUITests.xctest */;
			productType = "com.apple.product-type.bundle.ui-testing";
		};
		BC7432702F88F1B100ED5A76 /* GoUIHelper */ = {
			isa = PBXNativeTarget;
			buildConfigurationList = BC7432752F88F1B100ED5A76 /* Build configuration list for PBXNativeTarget "GoUIHelper" */;
			buildPhases = (
				BC74326D2F88F1B100ED5A76 /* Sources */,
				BC74326E2F88F1B100ED5A76 /* Frameworks */,
				BC74326F2F88F1B100ED5A76 /* CopyFiles */,
			);
			buildRules = (
			);
			dependencies = (
			);
			name = GoUIHelper;
			productName = GoUIHelper;
			productReference = BC7432712F88F1B100ED5A76 /* GoUIHelper */;
			productType = "com.apple.product-type.tool";
		};
/* End PBXNativeTarget section */

/* Begin PBXProject section */
		BC7432372F88F17E00ED5A76 /* Project object */ = {
			isa = PBXProject;
			attributes = {
				BuildIndependentTargetsInParallel = 1;
				LastSwiftUpdateCheck = 1420;
				LastUpgradeCheck = 1420;
				TargetAttributes = {
					BC74323E2F88F17E00ED5A76 = {
						CreatedOnToolsVersion = 14.2;
					};
					BC74324F2F88F18000ED5A76 = {
						CreatedOnToolsVersion = 14.2;
						TestTargetID = BC74323E2F88F17E00ED5A76;
					};
					BC7432592F88F18000ED5A76 = {
						CreatedOnToolsVersion = 14.2;
						TestTargetID = BC74323E2F88F17E00ED5A76;
					};
					BC7432702F88F1B100ED5A76 = {
						CreatedOnToolsVersion = 14.2;
					};
				};
			};
			buildConfigurationList = BC74323A2F88F17E00ED5A76 /* Build configuration list for PBXProject "GoUI" */;
			compatibilityVersion = "Xcode 14.0";
			developmentRegion = en;
			hasScannedForEncodings = 0;
			knownRegions = (
				en,
				Base,
			);
			mainGroup = BC7432362F88F17E00ED5A76;
			productRefGroup = BC7432402F88F17E00ED5A76 /* Products */;
			projectDirPath = "";
			projectRoot = "";
			targets = (
				BC74323E2F88F17E00ED5A76 /* GoUI */,
				BC74324F2F88F18000ED5A76 /* GoUITests */,
				BC7432592F88F18000ED5A76 /* GoUIUITests */,
				BC7432702F88F1B100ED5A76 /* GoUIHelper */,
			);
		};
/* End PBXProject section */

/* Begin PBXResourcesBuildPhase section */
		BC74323D2F88F17E00ED5A76 /* Resources */ = {
			isa = PBXResourcesBuildPhase;
			buildActionMask = 2147483647;
			files = (
				BC74324A2F88F17F00ED5A76 /* Preview Assets.xcassets in Resources */,
				BC7432472F88F17F00ED5A76 /* Assets.xcassets in Resources */,
			);
			runOnlyForDeploymentPostprocessing = 0;
		};
		BC74324E2F88F18000ED5A76 /* Resources */ = {
			isa = PBXResourcesBuildPhase;
			buildActionMask = 2147483647;
			files = (
			);
			runOnlyForDeploymentPostprocessing = 0;
		};
		BC7432582F88F18000ED5A76 /* Resources */ = {
			isa = PBXResourcesBuildPhase;
			buildActionMask = 2147483647;
			files = (
			);
			runOnlyForDeploymentPostprocessing = 0;
		};
/* End PBXResourcesBuildPhase section */

/* Begin PBXSourcesBuildPhase section */
		BC74323B2F88F17E00ED5A76 /* Sources */ = {
			isa = PBXSourcesBuildPhase;
			buildActionMask = 2147483647;
			files = (
				BC7432942F88F3BF00ED5A76 /* FanMonitor.swift in Sources */,
				BC7432892F88F32300ED5A76 /* DashboardHeaderView.swift in Sources */,
				BC74327A2F88F24200ED5A76 /* SystemStats.swift in Sources */,
				BC7432A42F88F6AE00ED5A76 /* PrivilegeHelperManager.swift in Sources */,
				BC7432452F88F17E00ED5A76 /* ContentView.swift in Sources */,
				BC7432922F88F3A300ED5A76 /* ExternalBrightnessService.swift in Sources */,
				BC7432A02F88F4B800ED5A76 /* HelperProtocol.swift in Sources */,
				BC7432432F88F17E00ED5A76 /* GoUIApp.swift in Sources */,
				BC7432902F88F37B00ED5A76 /* DiskReader.swift in Sources */,
				BC7432802F88F29F00ED5A76 /* PopupContentView.swift in Sources */,
				BC74328E2F88F36400ED5A76 /* CPUReader.swift in Sources */,
				BC7432A62F88F81700ED5A76 /* SMC.swift in Sources */,
				BC7432962F88F3E200ED5A76 /* MemoryReader.swift in Sources */,
				BC74328B2F88F33F00ED5A76 /* BrightnessCard.swift in Sources */,
				BC7432852F88F2F900ED5A76 /* RingStatView.swift in Sources */,
				BC7432822F88F2C700ED5A76 /* AppDelegate.swift in Sources */,
				BC7432872F88F31200ED5A76 /* FanControlCard.swift in Sources */,
				BC74327E2F88F27C00ED5A76 /* StatusBarController.swift in Sources */,
				BC74327C2F88F25E00ED5A76 /* SystemMonitor.swift in Sources */,
			);
			runOnlyForDeploymentPostprocessing = 0;
		};
		BC74324C2F88F18000ED5A76 /* Sources */ = {
			isa = PBXSourcesBuildPhase;
			buildActionMask = 2147483647;
			files = (
				BC7432552F88F18000ED5A76 /* GoUITests.swift in Sources */,
			);
			runOnlyForDeploymentPostprocessing = 0;
		};
		BC7432562F88F18000ED5A76 /* Sources */ = {
			isa = PBXSourcesBuildPhase;
			buildActionMask = 2147483647;
			files = (
				BC7432612F88F18000ED5A76 /* GoUIUITestsLaunchTests.swift in Sources */,
				BC74325F2F88F18000ED5A76 /* GoUIUITests.swift in Sources */,
			);
			runOnlyForDeploymentPostprocessing = 0;
		};
		BC74326D2F88F1B100ED5A76 /* Sources */ = {
			isa = PBXSourcesBuildPhase;
			buildActionMask = 2147483647;
			files = (
				BC74329E2F88F49700ED5A76 /* HelperDelegate.swift in Sources */,
				BC7432742F88F1B100ED5A76 /* main.swift in Sources */,
				BC7432A12F88F4B800ED5A76 /* HelperProtocol.swift in Sources */,
				BC7432A82F89458000ED5A76 /* SMC.swift in Sources */,
			);
			runOnlyForDeploymentPostprocessing = 0;
		};
/* End PBXSourcesBuildPhase section */

/* Begin PBXTargetDependency section */
		BC7432522F88F18000ED5A76 /* PBXTargetDependency */ = {
			isa = PBXTargetDependency;
			target = BC74323E2F88F17E00ED5A76 /* GoUI */;
			targetProxy = BC7432512F88F18000ED5A76 /* PBXContainerItemProxy */;
		};
		BC74325C2F88F18000ED5A76 /* PBXTargetDependency */ = {
			isa = PBXTargetDependency;
			target = BC74323E2F88F17E00ED5A76 /* GoUI */;
			targetProxy = BC74325B2F88F18000ED5A76 /* PBXContainerItemProxy */;
		};
/* End PBXTargetDependency section */

/* Begin XCBuildConfiguration section */
		BC7432622F88F18000ED5A76 /* Debug */ = {
			isa = XCBuildConfiguration;
			buildSettings = {
				ALWAYS_SEARCH_USER_PATHS = NO;
				CLANG_ANALYZER_NONNULL = YES;
				CLANG_ANALYZER_NUMBER_OBJECT_CONVERSION = YES_AGGRESSIVE;
				CLANG_CXX_LANGUAGE_STANDARD = "gnu++20";
				CLANG_ENABLE_MODULES = YES;
				CLANG_ENABLE_OBJC_ARC = YES;
				CLANG_ENABLE_OBJC_WEAK = YES;
				CLANG_WARN_BLOCK_CAPTURE_AUTORELEASING = YES;
				CLANG_WARN_BOOL_CONVERSION = YES;
				CLANG_WARN_COMMA = YES;
				CLANG_WARN_CONSTANT_CONVERSION = YES;
				CLANG_WARN_DEPRECATED_OBJC_IMPLEMENTATIONS = YES;
				CLANG_WARN_DIRECT_OBJC_ISA_USAGE = YES_ERROR;
				CLANG_WARN_DOCUMENTATION_COMMENTS = YES;
				CLANG_WARN_EMPTY_BODY = YES;
				CLANG_WARN_ENUM_CONVERSION = YES;
				CLANG_WARN_INFINITE_RECURSION = YES;
				CLANG_WARN_INT_CONVERSION = YES;
				CLANG_WARN_NON_LITERAL_NULL_CONVERSION = YES;
				CLANG_WARN_OBJC_IMPLICIT_RETAIN_SELF = YES;
				CLANG_WARN_OBJC_LITERAL_CONVERSION = YES;
				CLANG_WARN_OBJC_ROOT_CLASS = YES_ERROR;
				CLANG_WARN_QUOTED_INCLUDE_IN_FRAMEWORK_HEADER = YES;
				CLANG_WARN_RANGE_LOOP_ANALYSIS = YES;
				CLANG_WARN_STRICT_PROTOTYPES = YES;
				CLANG_WARN_SUSPICIOUS_MOVE = YES;
				CLANG_WARN_UNGUARDED_AVAILABILITY = YES_AGGRESSIVE;
				CLANG_WARN_UNREACHABLE_CODE = YES;
				CLANG_WARN__DUPLICATE_METHOD_MATCH = YES;
				COPY_PHASE_STRIP = NO;
				DEBUG_INFORMATION_FORMAT = dwarf;
				ENABLE_STRICT_OBJC_MSGSEND = YES;
				ENABLE_TESTABILITY = YES;
				GCC_C_LANGUAGE_STANDARD = gnu11;
				GCC_DYNAMIC_NO_PIC = NO;
				GCC_NO_COMMON_BLOCKS = YES;
				GCC_OPTIMIZATION_LEVEL = 0;
				GCC_PREPROCESSOR_DEFINITIONS = (
					"DEBUG=1",
					"$(inherited)",
				);
				GCC_WARN_64_TO_32_BIT_CONVERSION = YES;
				GCC_WARN_ABOUT_RETURN_TYPE = YES_ERROR;
				GCC_WARN_UNDECLARED_SELECTOR = YES;
				GCC_WARN_UNINITIALIZED_AUTOS = YES_AGGRESSIVE;
				GCC_WARN_UNUSED_FUNCTION = YES;
				GCC_WARN_UNUSED_VARIABLE = YES;
				MACOSX_DEPLOYMENT_TARGET = 12.7;
				MTL_ENABLE_DEBUG_INFO = INCLUDE_SOURCE;
				MTL_FAST_MATH = YES;
				ONLY_ACTIVE_ARCH = YES;
				SDKROOT = macosx;
				SWIFT_ACTIVE_COMPILATION_CONDITIONS = DEBUG;
				SWIFT_OPTIMIZATION_LEVEL = "-Onone";
			};
			name = Debug;
		};
		BC7432632F88F18000ED5A76 /* Release */ = {
			isa = XCBuildConfiguration;
			buildSettings = {
				ALWAYS_SEARCH_USER_PATHS = NO;
				CLANG_ANALYZER_NONNULL = YES;
				CLANG_ANALYZER_NUMBER_OBJECT_CONVERSION = YES_AGGRESSIVE;
				CLANG_CXX_LANGUAGE_STANDARD = "gnu++20";
				CLANG_ENABLE_MODULES = YES;
				CLANG_ENABLE_OBJC_ARC = YES;
				CLANG_ENABLE_OBJC_WEAK = YES;
				CLANG_WARN_BLOCK_CAPTURE_AUTORELEASING = YES;
				CLANG_WARN_BOOL_CONVERSION = YES;
				CLANG_WARN_COMMA = YES;
				CLANG_WARN_CONSTANT_CONVERSION = YES;
				CLANG_WARN_DEPRECATED_OBJC_IMPLEMENTATIONS = YES;
				CLANG_WARN_DIRECT_OBJC_ISA_USAGE = YES_ERROR;
				CLANG_WARN_DOCUMENTATION_COMMENTS = YES;
				CLANG_WARN_EMPTY_BODY = YES;
				CLANG_WARN_ENUM_CONVERSION = YES;
				CLANG_WARN_INFINITE_RECURSION = YES;
				CLANG_WARN_INT_CONVERSION = YES;
				CLANG_WARN_NON_LITERAL_NULL_CONVERSION = YES;
				CLANG_WARN_OBJC_IMPLICIT_RETAIN_SELF = YES;
				CLANG_WARN_OBJC_LITERAL_CONVERSION = YES;
				CLANG_WARN_OBJC_ROOT_CLASS = YES_ERROR;
				CLANG_WARN_QUOTED_INCLUDE_IN_FRAMEWORK_HEADER = YES;
				CLANG_WARN_RANGE_LOOP_ANALYSIS = YES;
				CLANG_WARN_STRICT_PROTOTYPES = YES;
				CLANG_WARN_SUSPICIOUS_MOVE = YES;
				CLANG_WARN_UNGUARDED_AVAILABILITY = YES_AGGRESSIVE;
				CLANG_WARN_UNREACHABLE_CODE = YES;
				CLANG_WARN__DUPLICATE_METHOD_MATCH = YES;
				COPY_PHASE_STRIP = NO;
				DEBUG_INFORMATION_FORMAT = "dwarf-with-dsym";
				ENABLE_NS_ASSERTIONS = NO;
				ENABLE_STRICT_OBJC_MSGSEND = YES;
				GCC_C_LANGUAGE_STANDARD = gnu11;
				GCC_NO_COMMON_BLOCKS = YES;
				GCC_WARN_64_TO_32_BIT_CONVERSION = YES;
				GCC_WARN_ABOUT_RETURN_TYPE = YES_ERROR;
				GCC_WARN_UNDECLARED_SELECTOR = YES;
				GCC_WARN_UNINITIALIZED_AUTOS = YES_AGGRESSIVE;
				GCC_WARN_UNUSED_FUNCTION = YES;
				GCC_WARN_UNUSED_VARIABLE = YES;
				MACOSX_DEPLOYMENT_TARGET = 12.7;
				MTL_ENABLE_DEBUG_INFO = NO;
				MTL_FAST_MATH = YES;
				SDKROOT = macosx;
				SWIFT_COMPILATION_MODE = wholemodule;
				SWIFT_OPTIMIZATION_LEVEL = "-O";
			};
			name = Release;
		};
		BC7432652F88F18000ED5A76 /* Debug */ = {
			isa = XCBuildConfiguration;
			buildSettings = {
				ASSETCATALOG_COMPILER_APPICON_NAME = AppIcon;
				ASSETCATALOG_COMPILER_GLOBAL_ACCENT_COLOR_NAME = AccentColor;
				CODE_SIGN_ENTITLEMENTS = GoUI/GoUI.entitlements;
				CODE_SIGN_STYLE = Automatic;
				COMBINE_HIDPI_IMAGES = YES;
				CURRENT_PROJECT_VERSION = 1;
				DEVELOPMENT_ASSET_PATHS = "\"GoUI/Preview Content\"";
				ENABLE_PREVIEWS = YES;
				GENERATE_INFOPLIST_FILE = YES;
				INFOPLIST_KEY_NSHumanReadableCopyright = "";
				LD_RUNPATH_SEARCH_PATHS = (
					"$(inherited)",
					"@executable_path/../Frameworks",
				);
				MARKETING_VERSION = 1.0;
				PRODUCT_BUNDLE_IDENTIFIER = adtzslowy.xyz.GoUI;
				PRODUCT_NAME = "$(TARGET_NAME)";
				SWIFT_EMIT_LOC_STRINGS = YES;
				SWIFT_VERSION = 5.0;
			};
			name = Debug;
		};
		BC7432662F88F18000ED5A76 /* Release */ = {
			isa = XCBuildConfiguration;
			buildSettings = {
				ASSETCATALOG_COMPILER_APPICON_NAME = AppIcon;
				ASSETCATALOG_COMPILER_GLOBAL_ACCENT_COLOR_NAME = AccentColor;
				CODE_SIGN_ENTITLEMENTS = GoUI/GoUI.entitlements;
				CODE_SIGN_STYLE = Automatic;
				COMBINE_HIDPI_IMAGES = YES;
				CURRENT_PROJECT_VERSION = 1;
				DEVELOPMENT_ASSET_PATHS = "\"GoUI/Preview Content\"";
				ENABLE_PREVIEWS = YES;
				GENERATE_INFOPLIST_FILE = YES;
				INFOPLIST_KEY_NSHumanReadableCopyright = "";
				LD_RUNPATH_SEARCH_PATHS = (
					"$(inherited)",
					"@executable_path/../Frameworks",
				);
				MARKETING_VERSION = 1.0;
				PRODUCT_BUNDLE_IDENTIFIER = adtzslowy.xyz.GoUI;
				PRODUCT_NAME = "$(TARGET_NAME)";
				SWIFT_EMIT_LOC_STRINGS = YES;
				SWIFT_VERSION = 5.0;
			};
			name = Release;
		};
		BC7432682F88F18000ED5A76 /* Debug */ = {
			isa = XCBuildConfiguration;
			buildSettings = {
				ALWAYS_EMBED_SWIFT_STANDARD_LIBRARIES = YES;
				BUNDLE_LOADER = "$(TEST_HOST)";
				CODE_SIGN_STYLE = Automatic;
				CURRENT_PROJECT_VERSION = 1;
				GENERATE_INFOPLIST_FILE = YES;
				MACOSX_DEPLOYMENT_TARGET = 12.7;
				MARKETING_VERSION = 1.0;
				PRODUCT_BUNDLE_IDENTIFIER = adtzslowy.xyz.GoUITests;
				PRODUCT_NAME = "$(TARGET_NAME)";
				SWIFT_EMIT_LOC_STRINGS = NO;
				SWIFT_VERSION = 5.0;
				TEST_HOST = "$(BUILT_PRODUCTS_DIR)/GoUI.app/$(BUNDLE_EXECUTABLE_FOLDER_PATH)/GoUI";
			};
			name = Debug;
		};
		BC7432692F88F18000ED5A76 /* Release */ = {
			isa = XCBuildConfiguration;
			buildSettings = {
				ALWAYS_EMBED_SWIFT_STANDARD_LIBRARIES = YES;
				BUNDLE_LOADER = "$(TEST_HOST)";
				CODE_SIGN_STYLE = Automatic;
				CURRENT_PROJECT_VERSION = 1;
				GENERATE_INFOPLIST_FILE = YES;
				MACOSX_DEPLOYMENT_TARGET = 12.7;
				MARKETING_VERSION = 1.0;
				PRODUCT_BUNDLE_IDENTIFIER = adtzslowy.xyz.GoUITests;
				PRODUCT_NAME = "$(TARGET_NAME)";
				SWIFT_EMIT_LOC_STRINGS = NO;
				SWIFT_VERSION = 5.0;
				TEST_HOST = "$(BUILT_PRODUCTS_DIR)/GoUI.app/$(BUNDLE_EXECUTABLE_FOLDER_PATH)/GoUI";
			};
			name = Release;
		};
		BC74326B2F88F18000ED5A76 /* Debug */ = {
			isa = XCBuildConfiguration;
			buildSettings = {
				ALWAYS_EMBED_SWIFT_STANDARD_LIBRARIES = YES;
				CODE_SIGN_STYLE = Automatic;
				CURRENT_PROJECT_VERSION = 1;
				GENERATE_INFOPLIST_FILE = YES;
				MARKETING_VERSION = 1.0;
				PRODUCT_BUNDLE_IDENTIFIER = adtzslowy.xyz.GoUIUITests;
				PRODUCT_NAME = "$(TARGET_NAME)";
				SWIFT_EMIT_LOC_STRINGS = NO;
				SWIFT_VERSION = 5.0;
				TEST_TARGET_NAME = GoUI;
			};
			name = Debug;
		};
		BC74326C2F88F18000ED5A76 /* Release */ = {
			isa = XCBuildConfiguration;
			buildSettings = {
				ALWAYS_EMBED_SWIFT_STANDARD_LIBRARIES = YES;
				CODE_SIGN_STYLE = Automatic;
				CURRENT_PROJECT_VERSION = 1;
				GENERATE_INFOPLIST_FILE = YES;
				MARKETING_VERSION = 1.0;
				PRODUCT_BUNDLE_IDENTIFIER = adtzslowy.xyz.GoUIUITests;
				PRODUCT_NAME = "$(TARGET_NAME)";
				SWIFT_EMIT_LOC_STRINGS = NO;
				SWIFT_VERSION = 5.0;
				TEST_TARGET_NAME = GoUI;
			};
			name = Release;
		};
		BC7432762F88F1B100ED5A76 /* Debug */ = {
			isa = XCBuildConfiguration;
			buildSettings = {
				CODE_SIGN_STYLE = Automatic;
				PRODUCT_NAME = "$(TARGET_NAME)";
				SWIFT_VERSION = 5.0;
			};
			name = Debug;
		};
		BC7432772F88F1B100ED5A76 /* Release */ = {
			isa = XCBuildConfiguration;
			buildSettings = {
				CODE_SIGN_STYLE = Automatic;
				PRODUCT_NAME = "$(TARGET_NAME)";
				SWIFT_VERSION = 5.0;
			};
			name = Release;
		};
/* End XCBuildConfiguration section */

/* Begin XCConfigurationList section */
		BC74323A2F88F17E00ED5A76 /* Build configuration list for PBXProject "GoUI" */ = {
			isa = XCConfigurationList;
			buildConfigurations = (
				BC7432622F88F18000ED5A76 /* Debug */,
				BC7432632F88F18000ED5A76 /* Release */,
			);
			defaultConfigurationIsVisible = 0;
			defaultConfigurationName = Release;
		};
		BC7432642F88F18000ED5A76 /* Build configuration list for PBXNativeTarget "GoUI" */ = {
			isa = XCConfigurationList;
			buildConfigurations = (
				BC7432652F88F18000ED5A76 /* Debug */,
				BC7432662F88F18000ED5A76 /* Release */,
			);
			defaultConfigurationIsVisible = 0;
			defaultConfigurationName = Release;
		};
		BC7432672F88F18000ED5A76 /* Build configuration list for PBXNativeTarget "GoUITests" */ = {
			isa = XCConfigurationList;
			buildConfigurations = (
				BC7432682F88F18000ED5A76 /* Debug */,
				BC7432692F88F18000ED5A76 /* Release */,
			);
			defaultConfigurationIsVisible = 0;
			defaultConfigurationName = Release;
		};
		BC74326A2F88F18000ED5A76 /* Build configuration list for PBXNativeTarget "GoUIUITests" */ = {
			isa = XCConfigurationList;
			buildConfigurations = (
				BC74326B2F88F18000ED5A76 /* Debug */,
				BC74326C2F88F18000ED5A76 /* Release */,
			);
			defaultConfigurationIsVisible = 0;
			defaultConfigurationName = Release;
		};
		BC7432752F88F1B100ED5A76 /* Build configuration list for PBXNativeTarget "GoUIHelper" */ = {
			isa = XCConfigurationList;
			buildConfigurations = (
				BC7432762F88F1B100ED5A76 /* Debug */,
				BC7432772F88F1B100ED5A76 /* Release */,
			);
			defaultConfigurationIsVisible = 0;
			defaultConfigurationName = Release;
		};
/* End XCConfigurationList section */
	};
	rootObject = BC7432372F88F17E00ED5A76 /* Project object */;
}
